
Microsoft Visual Studio Solution File, Format Version 12.00
# Visual Studio Version 16
VisualStudioVersion = 16.0.32802.440
MinimumVisualStudioVersion = 10.0.40219.1
Project("{FAE04EC0-301F-11D3-BF4B-00C04F79EFBC}") = "day1", "day1\day1.csproj", "{F61C19EA-085E-40F1-8D26-3CB749803DA6}"
EndProject
Global
	GlobalSection(SolutionConfigurationPlatforms) = preSolution
		Debug|Any CPU = Debug|Any CPU
		Release|Any CPU = Release|Any CPU
	EndGlobalSection
	GlobalSection(ProjectConfigurationPlatforms) = postSolution
		{F61C19EA-085E-40F1-8D26-3CB749803DA6}.Debug|Any CPU.ActiveCfg = Debug|Any CPU
		{F61C19EA-085E-40F1-8D26-3CB749803DA6}.Debug|Any CPU.Build.0 = Debug|Any CPU
		{F61C19EA-085E-40F1-8D26-3CB749803DA6}.Release|Any CPU.ActiveCfg = Release|Any CPU
		{F61C19EA-085E-40F1-8D26-3CB749803DA6}.Release|Any CPU.Build.0 = Release|Any CPU
	EndGlobalSection
	GlobalSection(SolutionProperties) = preSolution
		HideSolutionNode = FALSE
	EndGlobalSection
	GlobalSection(ExtensibilityGlobals) = postSolution
		SolutionGuid = {C82FEF82-C38F-4993-A046-C714C1F85E59}
	EndGlobalSection
EndGlobal
